
Microsoft Visual Studio Solution File, Format Version 12.00
# Visual Studio Version 17
VisualStudioVersion = 17.0.31912.275
MinimumVisualStudioVersion = 10.0.40219.1
Project("{FAE04EC0-301F-11D3-BF4B-00C04F79EFBC}") = "Calculator2000", "Calculator2000.csproj", "{BD9A6915-C771-4BC3-9962-EB3E2024E12A}"
EndProject
Global
	GlobalSection(SolutionConfigurationPlatforms) = preSolution
		Debug|Any CPU = Debug|Any CPU
		Release|Any CPU = Release|Any CPU
	EndGlobalSection
	GlobalSection(ProjectConfigurationPlatforms) = postSolution
		{BD9A6915-C771-4BC3-9962-EB3E2024E12A}.Debug|Any CPU.ActiveCfg = Debug|Any CPU
		{BD9A6915-C771-4BC3-9962-EB3E2024E12A}.Debug|Any CPU.Build.0 = Debug|Any CPU
		{BD9A6915-C771-4BC3-9962-EB3E2024E12A}.Release|Any CPU.ActiveCfg = Release|Any CPU
		{BD9A6915-C771-4BC3-9962-EB3E2024E12A}.Release|Any CPU.Build.0 = Release|Any CPU
	EndGlobalSection
	GlobalSection(SolutionProperties) = preSolution
		HideSolutionNode = FALSE
	EndGlobalSection
	GlobalSection(ExtensibilityGlobals) = postSolution
		SolutionGuid = {42D7293C-8ACF-4D04-BE5E-C28E05D045E8}
	EndGlobalSection
EndGlobal
